
Microsoft Visual Studio Solution File, Format Version 12.00
# Visual Studio Version 17
VisualStudioVersion = 17.0.31903.59
MinimumVisualStudioVersion = 10.0.40219.1
Project("{FAE04EC0-301F-11D3-BF4B-00C04F79EFBC}") = "App", "App\App.csproj", "{B00674D2-1B27-4A2D-88AA-B4A28840A637}"
EndProject
Project("{FAE04EC0-301F-11D3-BF4B-00C04F79EFBC}") = "Api", "Api\Api.csproj", "{9C510349-0FB5-433A-8552-02A31508E264}"
EndProject
Global
	GlobalSection(SolutionConfigurationPlatforms) = preSolution
		Debug|Any CPU = Debug|Any CPU
		Release|Any CPU = Release|Any CPU
	EndGlobalSection
	GlobalSection(SolutionProperties) = preSolution
		HideSolutionNode = FALSE
	EndGlobalSection
	GlobalSection(ProjectConfigurationPlatforms) = postSolution
		{B00674D2-1B27-4A2D-88AA-B4A28840A637}.Debug|Any CPU.ActiveCfg = Debug|Any CPU
		{B00674D2-1B27-4A2D-88AA-B4A28840A637}.Debug|Any CPU.Build.0 = Debug|Any CPU
		{B00674D2-1B27-4A2D-88AA-B4A28840A637}.Release|Any CPU.ActiveCfg = Release|Any CPU
		{B00674D2-1B27-4A2D-88AA-B4A28840A637}.Release|Any CPU.Build.0 = Release|Any CPU
		{9C510349-0FB5-433A-8552-02A31508E264}.Debug|Any CPU.ActiveCfg = Debug|Any CPU
		{9C510349-0FB5-433A-8552-02A31508E264}.Debug|Any CPU.Build.0 = Debug|Any CPU
		{9C510349-0FB5-433A-8552-02A31508E264}.Release|Any CPU.ActiveCfg = Release|Any CPU
		{9C510349-0FB5-433A-8552-02A31508E264}.Release|Any CPU.Build.0 = Release|Any CPU
	EndGlobalSection
EndGlobal
